// !$*UTF8*$!
{
	archiveVersion = 1;
	classes = {
	};
	objectVersion = 55;
	objects = {

/* Begin PBXBuildFile section */
		090A656FAF53B1CA9F5F055E /* TuistBundle+MyApp2.swift in Sources */ = {isa = PBXBuildFile; fileRef = 9496BE376422DFB7E0CF5A9F /* TuistBundle+MyApp2.swift */; };
		5BBDE260E1D54206337684D2 /* AppDelegate.swift in Sources */ = {isa = PBXBuildFile; fileRef = E25EF39DF800BDC254EDAA9F /* AppDelegate.swift */; };
		67B59202163A7E5F70E875E9 /* ViewController.swift in Sources */ = {isa = PBXBuildFile; fileRef = 05CD01F3409A5B45331E9F19 /* ViewController.swift */; };
		A1BB2278CE918F5EB9D057EA /* LaunchScreen.storyboard in Resources */ = {isa = PBXBuildFile; fileRef = 4271837B2ABCF5B68C1A2698 /* LaunchScreen.storyboard */; };
		DB79D7A6EDB9DB7C6587B375 /* SceneDelegate.swift in Sources */ = {isa = PBXBuildFile; fileRef = E1C0B0CA10A4027DDEE07F1F /* SceneDelegate.swift */; };
/* End PBXBuildFile section */

/* Begin PBXCopyFilesBuildPhase section */
		0329A19E84DEA224E278F55B /* Embed Frameworks */ = {
			isa = PBXCopyFilesBuildPhase;
			buildActionMask = 2147483647;
			dstPath = "";
			dstSubfolderSpec = 10;
			files = (
			);
			name = "Embed Frameworks";
			runOnlyForDeploymentPostprocessing = 0;
		};
/* End PBXCopyFilesBuildPhase section */

/* Begin PBXFileReference section */
		05CD01F3409A5B45331E9F19 /* ViewController.swift */ = {isa = PBXFileReference; lastKnownFileType = sourcecode.swift; path = ViewController.swift; sourceTree = "<group>"; };
		29D7FA62687533FDB6D986D8 /* MyApp2.app */ = {isa = PBXFileReference; explicitFileType = wrapper.application; includeInIndex = 0; path = MyApp2.app; sourceTree = BUILT_PRODUCTS_DIR; };
		4271837B2ABCF5B68C1A2698 /* LaunchScreen.storyboard */ = {isa = PBXFileReference; lastKnownFileType = file.storyboard; path = LaunchScreen.storyboard; sourceTree = "<group>"; };
		477A4DF4982FA497E7411F5E /* MyApp2-Info.plist */ = {isa = PBXFileReference; lastKnownFileType = text.plist; path = "MyApp2-Info.plist"; sourceTree = "<group>"; };
		9496BE376422DFB7E0CF5A9F /* TuistBundle+MyApp2.swift */ = {isa = PBXFileReference; lastKnownFileType = sourcecode.swift; path = "TuistBundle+MyApp2.swift"; sourceTree = "<group>"; };
		E1C0B0CA10A4027DDEE07F1F /* SceneDelegate.swift */ = {isa = PBXFileReference; lastKnownFileType = sourcecode.swift; path = SceneDelegate.swift; sourceTree = "<group>"; };
		E25EF39DF800BDC254EDAA9F /* AppDelegate.swift */ = {isa = PBXFileReference; lastKnownFileType = sourcecode.swift; path = AppDelegate.swift; sourceTree = "<group>"; };
/* End PBXFileReference section */

/* Begin PBXFrameworksBuildPhase section */
		753F6F1300EF411F6F80D48A /* Frameworks */ = {
			isa = PBXFrameworksBuildPhase;
			buildActionMask = 2147483647;
			files = (
			);
			runOnlyForDeploymentPostprocessing = 0;
		};
/* End PBXFrameworksBuildPhase section */

/* Begin PBXGroup section */
		016F207C54FE9E764DFD211F /* Derived */ = {
			isa = PBXGroup;
			children = (
				24CD5FE7529CD884AB2B005C /* InfoPlists */,
				6CE95393665EFAF9858EDACE /* Sources */,
			);
			path = Derived;
			sourceTree = "<group>";
		};
		0C69669CFA469CBF4D8CB1B8 /* Products */ = {
			isa = PBXGroup;
			children = (
				29D7FA62687533FDB6D986D8 /* MyApp2.app */,
			);
			name = Products;
			sourceTree = "<group>";
		};
		24CD5FE7529CD884AB2B005C /* InfoPlists */ = {
			isa = PBXGroup;
			children = (
				477A4DF4982FA497E7411F5E /* MyApp2-Info.plist */,
			);
			path = InfoPlists;
			sourceTree = "<group>";
		};
		68F185C580F10BBAAEEA7194 /* Project */ = {
			isa = PBXGroup;
			children = (
				016F207C54FE9E764DFD211F /* Derived */,
				841267F458C43F0097119BC5 /* Resources */,
				D588BFF3858B35C0B8166989 /* Sources */,
			);
			name = Project;
			sourceTree = "<group>";
		};
		6CE95393665EFAF9858EDACE /* Sources */ = {
			isa = PBXGroup;
			children = (
				9496BE376422DFB7E0CF5A9F /* TuistBundle+MyApp2.swift */,
			);
			path = Sources;
			sourceTree = "<group>";
		};
		841267F458C43F0097119BC5 /* Resources */ = {
			isa = PBXGroup;
			children = (
				4271837B2ABCF5B68C1A2698 /* LaunchScreen.storyboard */,
			);
			path = Resources;
			sourceTree = "<group>";
		};
		A093F5C9BF7DAD9B3717A230 /* Frameworks */ = {
			isa = PBXGroup;
			children = (
			);
			name = Frameworks;
			sourceTree = "<group>";
		};
		CB364705D1CAB5314467EAEE = {
			isa = PBXGroup;
			children = (
				68F185C580F10BBAAEEA7194 /* Project */,
				A093F5C9BF7DAD9B3717A230 /* Frameworks */,
				0C69669CFA469CBF4D8CB1B8 /* Products */,
			);
			sourceTree = "<group>";
		};
		D588BFF3858B35C0B8166989 /* Sources */ = {
			isa = PBXGroup;
			children = (
				E25EF39DF800BDC254EDAA9F /* AppDelegate.swift */,
				E1C0B0CA10A4027DDEE07F1F /* SceneDelegate.swift */,
				05CD01F3409A5B45331E9F19 /* ViewController.swift */,
			);
			path = Sources;
			sourceTree = "<group>";
		};
/* End PBXGroup section */

/* Begin PBXNativeTarget section */
		4BBF830823D785153B483384 /* MyApp2 */ = {
			isa = PBXNativeTarget;
			buildConfigurationList = 845A87333921F60242501A18 /* Build configuration list for PBXNativeTarget "MyApp2" */;
			buildPhases = (
				73484370830665BD42B53D36 /* Sources */,
				FA060806A59210F37B7A701E /* Resources */,
				0329A19E84DEA224E278F55B /* Embed Frameworks */,
				753F6F1300EF411F6F80D48A /* Frameworks */,
			);
			buildRules = (
			);
			dependencies = (
			);
			name = MyApp2;
			productName = MyApp2;
			productReference = 29D7FA62687533FDB6D986D8 /* MyApp2.app */;
			productType = "com.apple.product-type.application";
		};
/* End PBXNativeTarget section */

/* Begin PBXProject section */
		C2E9986179B82384A1E35201 /* Project object */ = {
			isa = PBXProject;
			attributes = {
				BuildIndependentTargetsInParallel = YES;
				TargetAttributes = {
				};
			};
			buildConfigurationList = EE96715C800FA6425C02D4DB /* Build configuration list for PBXProject "MyApp2" */;
			compatibilityVersion = "Xcode 13.0";
			developmentRegion = en;
			hasScannedForEncodings = 0;
			knownRegions = (
				Base,
				en,
			);
			mainGroup = CB364705D1CAB5314467EAEE;
			productRefGroup = 0C69669CFA469CBF4D8CB1B8 /* Products */;
			projectDirPath = "";
			projectRoot = "";
			targets = (
				4BBF830823D785153B483384 /* MyApp2 */,
			);
		};
/* End PBXProject section */

/* Begin PBXResourcesBuildPhase section */
		FA060806A59210F37B7A701E /* Resources */ = {
			isa = PBXResourcesBuildPhase;
			buildActionMask = 2147483647;
			files = (
				A1BB2278CE918F5EB9D057EA /* LaunchScreen.storyboard in Resources */,
			);
			runOnlyForDeploymentPostprocessing = 0;
		};
/* End PBXResourcesBuildPhase section */

/* Begin PBXSourcesBuildPhase section */
		73484370830665BD42B53D36 /* Sources */ = {
			isa = PBXSourcesBuildPhase;
			buildActionMask = 2147483647;
			files = (
				090A656FAF53B1CA9F5F055E /* TuistBundle+MyApp2.swift in Sources */,
				5BBDE260E1D54206337684D2 /* AppDelegate.swift in Sources */,
				DB79D7A6EDB9DB7C6587B375 /* SceneDelegate.swift in Sources */,
				67B59202163A7E5F70E875E9 /* ViewController.swift in Sources */,
			);
			runOnlyForDeploymentPostprocessing = 0;
		};
/* End PBXSourcesBuildPhase section */

/* Begin XCBuildConfiguration section */
		0221C956E160FF86940B57D9 /* Release */ = {
			isa = XCBuildConfiguration;
			buildSettings = {
				ASSETCATALOG_COMPILER_APPICON_NAME = AppIcon;
				CODE_SIGN_IDENTITY = "iPhone Developer";
				ENABLE_PREVIEWS = YES;
				INFOPLIST_FILE = "Derived/InfoPlists/MyApp2-Info.plist";
				IPHONEOS_DEPLOYMENT_TARGET = 15.0;
				LD_RUNPATH_SEARCH_PATHS = (
					"$(inherited)",
					"@executable_path/Frameworks",
				);
				PRODUCT_BUNDLE_IDENTIFIER = com.dudu.MyApp2;
				PRODUCT_NAME = MyApp2;
				SDKROOT = iphoneos;
				SUPPORTS_MACCATALYST = NO;
				SUPPORTS_MAC_DESIGNED_FOR_IPHONE_IPAD = YES;
				SUPPORTS_XR_DESIGNED_FOR_IPHONE_IPAD = NO;
				SWIFT_COMPILATION_MODE = wholemodule;
				SWIFT_OPTIMIZATION_LEVEL = "-Owholemodule";
				SWIFT_VERSION = 5.0;
				TARGETED_DEVICE_FAMILY = 1;
			};
			name = Release;
		};
		A1202439D996B3CB9A6E1779 /* Release */ = {
			isa = XCBuildConfiguration;
			buildSettings = {
				ALWAYS_SEARCH_USER_PATHS = NO;
				CLANG_ANALYZER_LOCALIZABILITY_NONLOCALIZED = YES;
				CLANG_ANALYZER_NONNULL = YES;
				CLANG_ANALYZER_NUMBER_OBJECT_CONVERSION = YES_AGGRESSIVE;
				CLANG_CXX_LANGUAGE_STANDARD = "gnu++14";
				CLANG_CXX_LIBRARY = "libc++";
				CLANG_ENABLE_MODULES = YES;
				CLANG_ENABLE_OBJC_ARC = YES;
				CLANG_ENABLE_OBJC_WEAK = YES;
				CLANG_WARN_BLOCK_CAPTURE_AUTORELEASING = YES;
				CLANG_WARN_BOOL_CONVERSION = YES;
				CLANG_WARN_COMMA = YES;
				CLANG_WARN_CONSTANT_CONVERSION = YES;
				CLANG_WARN_DEPRECATED_OBJC_IMPLEMENTATIONS = YES;
				CLANG_WARN_DIRECT_OBJC_ISA_USAGE = YES_ERROR;
				CLANG_WARN_DOCUMENTATION_COMMENTS = YES;
				CLANG_WARN_EMPTY_BODY = YES;
				CLANG_WARN_ENUM_CONVERSION = YES;
				CLANG_WARN_INFINITE_RECURSION = YES;
				CLANG_WARN_INT_CONVERSION = YES;
				CLANG_WARN_NON_LITERAL_NULL_CONVERSION = YES;
				CLANG_WARN_OBJC_IMPLICIT_RETAIN_SELF = YES;
				CLANG_WARN_OBJC_LITERAL_CONVERSION = YES;
				CLANG_WARN_OBJC_ROOT_CLASS = YES_ERROR;
				CLANG_WARN_QUOTED_INCLUDE_IN_FRAMEWORK_HEADER = YES;
				CLANG_WARN_RANGE_LOOP_ANALYSIS = YES;
				CLANG_WARN_STRICT_PROTOTYPES = YES;
				CLANG_WARN_SUSPICIOUS_MOVE = YES;
				CLANG_WARN_UNGUARDED_AVAILABILITY = YES_AGGRESSIVE;
				CLANG_WARN_UNREACHABLE_CODE = YES;
				CLANG_WARN__DUPLICATE_METHOD_MATCH = YES;
				COPY_PHASE_STRIP = NO;
				DEAD_CODE_STRIPPING = YES;
				DEBUG_INFORMATION_FORMAT = "dwarf-with-dsym";
				ENABLE_NS_ASSERTIONS = NO;
				ENABLE_STRICT_OBJC_MSGSEND = YES;
				GCC_C_LANGUAGE_STANDARD = gnu11;
				GCC_NO_COMMON_BLOCKS = YES;
				GCC_WARN_64_TO_32_BIT_CONVERSION = YES;
				GCC_WARN_ABOUT_RETURN_TYPE = YES_ERROR;
				GCC_WARN_UNDECLARED_SELECTOR = YES;
				GCC_WARN_UNINITIALIZED_AUTOS = YES_AGGRESSIVE;
				GCC_WARN_UNUSED_FUNCTION = YES;
				GCC_WARN_UNUSED_VARIABLE = YES;
				MTL_ENABLE_DEBUG_INFO = NO;
				PRODUCT_NAME = "$(TARGET_NAME)";
				VALIDATE_PRODUCT = YES;
			};
			name = Release;
		};
		B74ED3D7A6E929C3C60E8BF7 /* Debug */ = {
			isa = XCBuildConfiguration;
			buildSettings = {
				ASSETCATALOG_COMPILER_APPICON_NAME = AppIcon;
				CODE_SIGN_IDENTITY = "iPhone Developer";
				ENABLE_PREVIEWS = YES;
				INFOPLIST_FILE = "Derived/InfoPlists/MyApp2-Info.plist";
				IPHONEOS_DEPLOYMENT_TARGET = 15.0;
				LD_RUNPATH_SEARCH_PATHS = (
					"$(inherited)",
					"@executable_path/Frameworks",
				);
				PRODUCT_BUNDLE_IDENTIFIER = com.dudu.MyApp2;
				PRODUCT_NAME = MyApp2;
				SDKROOT = iphoneos;
				SUPPORTS_MACCATALYST = NO;
				SUPPORTS_MAC_DESIGNED_FOR_IPHONE_IPAD = YES;
				SUPPORTS_XR_DESIGNED_FOR_IPHONE_IPAD = NO;
				SWIFT_ACTIVE_COMPILATION_CONDITIONS = DEBUG;
				SWIFT_COMPILATION_MODE = singlefile;
				SWIFT_OPTIMIZATION_LEVEL = "-Onone";
				SWIFT_VERSION = 5.0;
				TARGETED_DEVICE_FAMILY = 1;
			};
			name = Debug;
		};
		E0FD54AB7F07AC411A2C3C89 /* Debug */ = {
			isa = XCBuildConfiguration;
			buildSettings = {
				ALWAYS_SEARCH_USER_PATHS = NO;
				CLANG_ANALYZER_LOCALIZABILITY_NONLOCALIZED = YES;
				CLANG_ANALYZER_NONNULL = YES;
				CLANG_ANALYZER_NUMBER_OBJECT_CONVERSION = YES_AGGRESSIVE;
				CLANG_CXX_LANGUAGE_STANDARD = "gnu++14";
				CLANG_CXX_LIBRARY = "libc++";
				CLANG_ENABLE_MODULES = YES;
				CLANG_ENABLE_OBJC_ARC = YES;
				CLANG_ENABLE_OBJC_WEAK = YES;
				CLANG_WARN_BLOCK_CAPTURE_AUTORELEASING = YES;
				CLANG_WARN_BOOL_CONVERSION = YES;
				CLANG_WARN_COMMA = YES;
				CLANG_WARN_CONSTANT_CONVERSION = YES;
				CLANG_WARN_DEPRECATED_OBJC_IMPLEMENTATIONS = YES;
				CLANG_WARN_DIRECT_OBJC_ISA_USAGE = YES_ERROR;
				CLANG_WARN_DOCUMENTATION_COMMENTS = YES;
				CLANG_WARN_EMPTY_BODY = YES;
				CLANG_WARN_ENUM_CONVERSION = YES;
				CLANG_WARN_INFINITE_RECURSION = YES;
				CLANG_WARN_INT_CONVERSION = YES;
				CLANG_WARN_NON_LITERAL_NULL_CONVERSION = YES;
				CLANG_WARN_OBJC_IMPLICIT_RETAIN_SELF = YES;
				CLANG_WARN_OBJC_LITERAL_CONVERSION = YES;
				CLANG_WARN_OBJC_ROOT_CLASS = YES_ERROR;
				CLANG_WARN_QUOTED_INCLUDE_IN_FRAMEWORK_HEADER = YES;
				CLANG_WARN_RANGE_LOOP_ANALYSIS = YES;
				CLANG_WARN_STRICT_PROTOTYPES = YES;
				CLANG_WARN_SUSPICIOUS_MOVE = YES;
				CLANG_WARN_UNGUARDED_AVAILABILITY = YES_AGGRESSIVE;
				CLANG_WARN_UNREACHABLE_CODE = YES;
				CLANG_WARN__DUPLICATE_METHOD_MATCH = YES;
				COPY_PHASE_STRIP = NO;
				DEAD_CODE_STRIPPING = YES;
				DEBUG_INFORMATION_FORMAT = dwarf;
				ENABLE_STRICT_OBJC_MSGSEND = YES;
				ENABLE_TESTABILITY = YES;
				GCC_C_LANGUAGE_STANDARD = gnu11;
				GCC_DYNAMIC_NO_PIC = NO;
				GCC_NO_COMMON_BLOCKS = YES;
				GCC_OPTIMIZATION_LEVEL = 0;
				GCC_PREPROCESSOR_DEFINITIONS = (
					"DEBUG=1",
					"$(inherited)",
				);
				GCC_WARN_64_TO_32_BIT_CONVERSION = YES;
				GCC_WARN_ABOUT_RETURN_TYPE = YES_ERROR;
				GCC_WARN_UNDECLARED_SELECTOR = YES;
				GCC_WARN_UNINITIALIZED_AUTOS = YES_AGGRESSIVE;
				GCC_WARN_UNUSED_FUNCTION = YES;
				GCC_WARN_UNUSED_VARIABLE = YES;
				MTL_ENABLE_DEBUG_INFO = YES;
				ONLY_ACTIVE_ARCH = YES;
				PRODUCT_NAME = "$(TARGET_NAME)";
			};
			name = Debug;
		};
/* End XCBuildConfiguration section */

/* Begin XCConfigurationList section */
		845A87333921F60242501A18 /* Build configuration list for PBXNativeTarget "MyApp2" */ = {
			isa = XCConfigurationList;
			buildConfigurations = (
				B74ED3D7A6E929C3C60E8BF7 /* Debug */,
				0221C956E160FF86940B57D9 /* Release */,
			);
			defaultConfigurationIsVisible = 0;
			defaultConfigurationName = Release;
		};
		EE96715C800FA6425C02D4DB /* Build configuration list for PBXProject "MyApp2" */ = {
			isa = XCConfigurationList;
			buildConfigurations = (
				E0FD54AB7F07AC411A2C3C89 /* Debug */,
				A1202439D996B3CB9A6E1779 /* Release */,
			);
			defaultConfigurationIsVisible = 0;
			defaultConfigurationName = Release;
		};
/* End XCConfigurationList section */
	};
	rootObject = C2E9986179B82384A1E35201 /* Project object */;
}
